
Microsoft Visual Studio Solution File, Format Version 12.00
# Visual Studio Version 17
VisualStudioVersion = 17.2.32526.322
MinimumVisualStudioVersion = 10.0.40219.1
Project("{FAE04EC0-301F-11D3-BF4B-00C04F79EFBC}") = "AddressBookSystemTSQL", "AddressBookSystemTSQL\AddressBookSystemTSQL.csproj", "{FFB0EF75-0D58-42C5-A2E8-B62970918A19}"
EndProject
Global
	GlobalSection(SolutionConfigurationPlatforms) = preSolution
		Debug|Any CPU = Debug|Any CPU
		Release|Any CPU = Release|Any CPU
	EndGlobalSection
	GlobalSection(ProjectConfigurationPlatforms) = postSolution
		{FFB0EF75-0D58-42C5-A2E8-B62970918A19}.Debug|Any CPU.ActiveCfg = Debug|Any CPU
		{FFB0EF75-0D58-42C5-A2E8-B62970918A19}.Debug|Any CPU.Build.0 = Debug|Any CPU
		{FFB0EF75-0D58-42C5-A2E8-B62970918A19}.Release|Any CPU.ActiveCfg = Release|Any CPU
		{FFB0EF75-0D58-42C5-A2E8-B62970918A19}.Release|Any CPU.Build.0 = Release|Any CPU
	EndGlobalSection
	GlobalSection(SolutionProperties) = preSolution
		HideSolutionNode = FALSE
	EndGlobalSection
	GlobalSection(ExtensibilityGlobals) = postSolution
		SolutionGuid = {F44378A8-CF19-423B-B4E1-7B4DEDEA012A}
	EndGlobalSection
EndGlobal
